{
  "name": "tauto",
  "version": "1.0.0",
  "lockfileVersion": 1,
  "requires": true,
  "dependencies": {
    "minisearch": {
      "version": "2.0.6",
      "resolved": "http://localhost:4873/minisearch/-/minisearch-2.0.6.tgz",
      "integrity": "sha512-60hCpALbkk7qdWxpyGnyQLR+F6CR4XatQwanvm86A8rvMK2oa44YyPBWvQnRc4ACwxEVgfakGWzx2uizoMvLEA=="
    }
  }
}
